
Microsoft Visual Studio Solution File, Format Version 12.00
# Visual Studio 15
Project("{FAE04EC0-301F-11D3-BF4B-00C04F79EFBC}") = "Assembly-CSharp", "Assembly-CSharp.csproj", "{1A124FC2-6AF2-82C9-11DF-D4A01F862F15}"
EndProject
Project("{FAE04EC0-301F-11D3-BF4B-00C04F79EFBC}") = "Assembly-CSharp-Editor", "Assembly-CSharp-Editor.csproj", "{BAD0FA52-18B1-14F7-D8FC-0AE2DEC3C443}"
EndProject
Global
	GlobalSection(SolutionConfigurationPlatforms) = preSolution
		Debug|Any CPU = Debug|Any CPU
		Release|Any CPU = Release|Any CPU
	EndGlobalSection
	GlobalSection(ProjectConfigurationPlatforms) = postSolution
		{1A124FC2-6AF2-82C9-11DF-D4A01F862F15}.Debug|Any CPU.ActiveCfg = Debug|Any CPU
		{1A124FC2-6AF2-82C9-11DF-D4A01F862F15}.Debug|Any CPU.Build.0 = Debug|Any CPU
		{1A124FC2-6AF2-82C9-11DF-D4A01F862F15}.Release|Any CPU.ActiveCfg = Release|Any CPU
		{1A124FC2-6AF2-82C9-11DF-D4A01F862F15}.Release|Any CPU.Build.0 = Release|Any CPU
		{BAD0FA52-18B1-14F7-D8FC-0AE2DEC3C443}.Debug|Any CPU.ActiveCfg = Debug|Any CPU
		{BAD0FA52-18B1-14F7-D8FC-0AE2DEC3C443}.Debug|Any CPU.Build.0 = Debug|Any CPU
		{BAD0FA52-18B1-14F7-D8FC-0AE2DEC3C443}.Release|Any CPU.ActiveCfg = Release|Any CPU
		{BAD0FA52-18B1-14F7-D8FC-0AE2DEC3C443}.Release|Any CPU.Build.0 = Release|Any CPU
	EndGlobalSection
	GlobalSection(SolutionProperties) = preSolution
		HideSolutionNode = FALSE
	EndGlobalSection
EndGlobal
